
Microsoft Visual Studio Solution File, Format Version 12.00
# Visual Studio 15
VisualStudioVersion = 15.0.27004.2009
MinimumVisualStudioVersion = 10.0.40219.1
Project("{FAE04EC0-301F-11D3-BF4B-00C04F79EFBC}") = "WSTrazinsAtenea", "WSTrazinsAtenea\WSTrazinsAtenea.csproj", "{AD9515CF-E144-496C-90CF-CFDB1FAE8308}"
EndProject
Project("{2150E333-8FDC-42A3-9474-1A3956D46DE8}") = "Client", "Client", "{3CCE541C-D38D-493A-B16D-4C9ABFA51983}"
EndProject
Project("{2150E333-8FDC-42A3-9474-1A3956D46DE8}") = "Models", "Models", "{2C6669A1-73F0-4D25-B810-4B1A0BF76A5E}"
EndProject
Project("{FAE04EC0-301F-11D3-BF4B-00C04F79EFBC}") = "ConnectionBuilder", "ConnectionBuilder\ConnectionBuilder.csproj", "{1C88CBD8-279E-4CCA-8828-9417FC0A99B2}"
EndProject
Project("{FAE04EC0-301F-11D3-BF4B-00C04F79EFBC}") = "SqlEngine", "SqlEngine\SqlEngine.csproj", "{79AD4D13-A304-40B9-A7F0-7FC8FA3CD59F}"
EndProject
Project("{FAE04EC0-301F-11D3-BF4B-00C04F79EFBC}") = "Models", "Models\Models.csproj", "{EA3184C9-E0A4-476C-9324-DA914B42BDED}"
EndProject
Project("{FAE04EC0-301F-11D3-BF4B-00C04F79EFBC}") = "ManagerModels", "ManagerModels\ManagerModels.csproj", "{4236CD2C-D584-464D-A232-C22024A0B8DF}"
EndProject
Global
	GlobalSection(SolutionConfigurationPlatforms) = preSolution
		Debug|Any CPU = Debug|Any CPU
		Release|Any CPU = Release|Any CPU
	EndGlobalSection
	GlobalSection(ProjectConfigurationPlatforms) = postSolution
		{AD9515CF-E144-496C-90CF-CFDB1FAE8308}.Debug|Any CPU.ActiveCfg = Debug|Any CPU
		{AD9515CF-E144-496C-90CF-CFDB1FAE8308}.Debug|Any CPU.Build.0 = Debug|Any CPU
		{AD9515CF-E144-496C-90CF-CFDB1FAE8308}.Release|Any CPU.ActiveCfg = Release|Any CPU
		{AD9515CF-E144-496C-90CF-CFDB1FAE8308}.Release|Any CPU.Build.0 = Release|Any CPU
		{1C88CBD8-279E-4CCA-8828-9417FC0A99B2}.Debug|Any CPU.ActiveCfg = Debug|Any CPU
		{1C88CBD8-279E-4CCA-8828-9417FC0A99B2}.Debug|Any CPU.Build.0 = Debug|Any CPU
		{1C88CBD8-279E-4CCA-8828-9417FC0A99B2}.Release|Any CPU.ActiveCfg = Release|Any CPU
		{1C88CBD8-279E-4CCA-8828-9417FC0A99B2}.Release|Any CPU.Build.0 = Release|Any CPU
		{79AD4D13-A304-40B9-A7F0-7FC8FA3CD59F}.Debug|Any CPU.ActiveCfg = Debug|Any CPU
		{79AD4D13-A304-40B9-A7F0-7FC8FA3CD59F}.Debug|Any CPU.Build.0 = Debug|Any CPU
		{79AD4D13-A304-40B9-A7F0-7FC8FA3CD59F}.Release|Any CPU.ActiveCfg = Release|Any CPU
		{79AD4D13-A304-40B9-A7F0-7FC8FA3CD59F}.Release|Any CPU.Build.0 = Release|Any CPU
		{EA3184C9-E0A4-476C-9324-DA914B42BDED}.Debug|Any CPU.ActiveCfg = Debug|Any CPU
		{EA3184C9-E0A4-476C-9324-DA914B42BDED}.Debug|Any CPU.Build.0 = Debug|Any CPU
		{EA3184C9-E0A4-476C-9324-DA914B42BDED}.Release|Any CPU.ActiveCfg = Release|Any CPU
		{EA3184C9-E0A4-476C-9324-DA914B42BDED}.Release|Any CPU.Build.0 = Release|Any CPU
		{4236CD2C-D584-464D-A232-C22024A0B8DF}.Debug|Any CPU.ActiveCfg = Debug|Any CPU
		{4236CD2C-D584-464D-A232-C22024A0B8DF}.Debug|Any CPU.Build.0 = Debug|Any CPU
		{4236CD2C-D584-464D-A232-C22024A0B8DF}.Release|Any CPU.ActiveCfg = Release|Any CPU
		{4236CD2C-D584-464D-A232-C22024A0B8DF}.Release|Any CPU.Build.0 = Release|Any CPU
	EndGlobalSection
	GlobalSection(SolutionProperties) = preSolution
		HideSolutionNode = FALSE
	EndGlobalSection
	GlobalSection(NestedProjects) = preSolution
		{EA3184C9-E0A4-476C-9324-DA914B42BDED} = {2C6669A1-73F0-4D25-B810-4B1A0BF76A5E}
		{4236CD2C-D584-464D-A232-C22024A0B8DF} = {2C6669A1-73F0-4D25-B810-4B1A0BF76A5E}
	EndGlobalSection
	GlobalSection(ExtensibilityGlobals) = postSolution
		SolutionGuid = {E373F33C-5180-4C36-9E16-AF87E1739608}
	EndGlobalSection
EndGlobal
